// !$*UTF8*$!
{
	archiveVersion = 1;
	classes = {
	};
	objectVersion = 56;
	objects = {

/* Begin PBXBuildFile section */
		02018D902B1D63B2006D820B /* UtilityFunctions.swift in Sources */ = {isa = PBXBuildFile; fileRef = 02018D8F2B1D63B2006D820B /* UtilityFunctions.swift */; };
		020404F52B4A41170082207C /* GPXStatsLogic.swift in Sources */ = {isa = PBXBuildFile; fileRef = 020404F42B4A41170082207C /* GPXStatsLogic.swift */; };
		0204051E2B4A56330082207C /* GPXParser.swift in Sources */ = {isa = PBXBuildFile; fileRef = 0204051D2B4A56330082207C /* GPXParser.swift */; };
		02253E482B4F5F0100639F1E /* ProfileStatisticsView.swift in Sources */ = {isa = PBXBuildFile; fileRef = 02253E472B4F5F0100639F1E /* ProfileStatisticsView.swift */; };
		02470A2A2B522B1400A3AA35 /* LifetimeStats.swift in Sources */ = {isa = PBXBuildFile; fileRef = 02470A292B522B1400A3AA35 /* LifetimeStats.swift */; };
		024CFE142B118644005708F4 /* good times rg.otf in Resources */ = {isa = PBXBuildFile; fileRef = 024CFE132B118644005708F4 /* good times rg.otf */; };
		024CFE172B118953005708F4 /* TrackLogic.swift in Sources */ = {isa = PBXBuildFile; fileRef = 024CFE162B118953005708F4 /* TrackLogic.swift */; };
		024CFE192B118977005708F4 /* TrackToFile.swift in Sources */ = {isa = PBXBuildFile; fileRef = 024CFE182B118977005708F4 /* TrackToFile.swift */; };
		024CFE1B2B118992005708F4 /* TrackView.swift in Sources */ = {isa = PBXBuildFile; fileRef = 024CFE1A2B118992005708F4 /* TrackView.swift */; };
		0254592D2B23AF4E008F955E /* MapBoxRouteLogic.swift in Sources */ = {isa = PBXBuildFile; fileRef = 0262E78A2B220D5A008E123E /* MapBoxRouteLogic.swift */; };
		0254592E2B23AF51008F955E /* MapBoxRouteView.swift in Sources */ = {isa = PBXBuildFile; fileRef = 0262E78E2B236330008E123E /* MapBoxRouteView.swift */; };
		0254592F2B23AF55008F955E /* RouteDetailsView.swift in Sources */ = {isa = PBXBuildFile; fileRef = 0254592B2B23A190008F955E /* RouteDetailsView.swift */; };
		0262E7912B236391008E123E /* UserLocationProvider.swift in Sources */ = {isa = PBXBuildFile; fileRef = 0262E7902B236391008E123E /* UserLocationProvider.swift */; };
		026F9C8E2B5DE4400046A865 /* FriendRequestsView.swift in Sources */ = {isa = PBXBuildFile; fileRef = 026F9C8D2B5DE4400046A865 /* FriendRequestsView.swift */; };
		027896752B895A040047BA24 /* ProfileViewModel.swift in Sources */ = {isa = PBXBuildFile; fileRef = 027896742B895A040047BA24 /* ProfileViewModel.swift */; };
		02792C782C43B52200E13E24 /* AuthView.swift in Sources */ = {isa = PBXBuildFile; fileRef = 02792C772C43B52200E13E24 /* AuthView.swift */; };
		028F12512B5DDA1800F8EE77 /* FriendsListView.swift in Sources */ = {isa = PBXBuildFile; fileRef = 028F12502B5DDA1800F8EE77 /* FriendsListView.swift */; };
		0298C4FC2B4B2AE9004E5737 /* Old-GoogleService-Info(2).plist in Resources */ = {isa = PBXBuildFile; fileRef = 0298C4FB2B4B2AE9004E5737 /* Old-GoogleService-Info(2).plist */; };
		029D507C2B607C8F00ADE48F /* GoogleService-Info.plist in Resources */ = {isa = PBXBuildFile; fileRef = 029D507B2B607C8F00ADE48F /* GoogleService-Info.plist */; };
		02A20B7A2B1AE81800DCD8F6 /* TrackPageView.swift in Sources */ = {isa = PBXBuildFile; fileRef = 02A20B792B1AE81800DCD8F6 /* TrackPageView.swift */; };
		02A20B7C2B1C213700DCD8F6 /* StatView.swift in Sources */ = {isa = PBXBuildFile; fileRef = 02A20B7B2B1C213700DCD8F6 /* StatView.swift */; };
		02AC56002B477E2000B8B424 /* WeatherLayers.swift in Sources */ = {isa = PBXBuildFile; fileRef = 02AC55FF2B477E2000B8B424 /* WeatherLayers.swift */; };
		02ADEF962C447CAB0083EFA7 /* Logo - SIWA - Logo-only - White@1x.png in Resources */ = {isa = PBXBuildFile; fileRef = 02ADEF952C447CAB0083EFA7 /* Logo - SIWA - Logo-only - White@1x.png */; };
		02CC7B442B18C9CB00B5E127 /* TrackHistoryView.swift in Sources */ = {isa = PBXBuildFile; fileRef = 02CC7B432B18C9CB00B5E127 /* TrackHistoryView.swift */; };
		02CC7B462B18D14800B5E127 /* FileToTrack.swift in Sources */ = {isa = PBXBuildFile; fileRef = 02CC7B452B18D14800B5E127 /* FileToTrack.swift */; };
		02CC7B482B18E42D00B5E127 /* MapboxView.swift in Sources */ = {isa = PBXBuildFile; fileRef = 02CC7B472B18E42D00B5E127 /* MapboxView.swift */; };
		02CC7B4A2B18E45C00B5E127 /* SessionsView.swift in Sources */ = {isa = PBXBuildFile; fileRef = 02CC7B492B18E45C00B5E127 /* SessionsView.swift */; };
		02CC7B4C2B18ED5300B5E127 /* RecordView.swift in Sources */ = {isa = PBXBuildFile; fileRef = 02CC7B4B2B18ED5300B5E127 /* RecordView.swift */; };
		02DDC4C72B7A9FC100B8895A /* UnitConverter.swift in Sources */ = {isa = PBXBuildFile; fileRef = 02DDC4C62B7A9FC100B8895A /* UnitConverter.swift */; };
		02DDC4C92B7AB7D600B8895A /* UserSettings.swift in Sources */ = {isa = PBXBuildFile; fileRef = 02DDC4C82B7AB7D600B8895A /* UserSettings.swift */; };
		02DDC4CC2B7AB81700B8895A /* Profile Structs & Functions.swift in Sources */ = {isa = PBXBuildFile; fileRef = 02DDC4CB2B7AB81700B8895A /* Profile Structs & Functions.swift */; };
		02DE9F352B99720400EEF94B /* TrackToImageView.swift in Sources */ = {isa = PBXBuildFile; fileRef = 02DE9F342B99720400EEF94B /* TrackToImageView.swift */; };
		02DE9F372B99721400EEF94B /* TrackToImageViewModel.swift in Sources */ = {isa = PBXBuildFile; fileRef = 02DE9F362B99721400EEF94B /* TrackToImageViewModel.swift */; };
		02DE9F392B9986F700EEF94B /* TrackImageMapView.swift in Sources */ = {isa = PBXBuildFile; fileRef = 02DE9F382B9986F700EEF94B /* TrackImageMapView.swift */; };
		350DA5FE2B19423D0040C8B6 /* FriendProfileViewModel.swift in Sources */ = {isa = PBXBuildFile; fileRef = 350DA5FD2B19423D0040C8B6 /* FriendProfileViewModel.swift */; };
		35386A492B18F7E700CD8254 /* UploadPostView.swift in Sources */ = {isa = PBXBuildFile; fileRef = 35386A482B18F7E700CD8254 /* UploadPostView.swift */; };
		35386A4B2B18F7F200CD8254 /* UploadPostViewModel.swift in Sources */ = {isa = PBXBuildFile; fileRef = 35386A4A2B18F7F200CD8254 /* UploadPostViewModel.swift */; };
		35386A4D2B18FC1600CD8254 /* AddFriendView.swift in Sources */ = {isa = PBXBuildFile; fileRef = 35386A4C2B18FC1600CD8254 /* AddFriendView.swift */; };
		35386A4F2B18FC2600CD8254 /* AddFriendViewModel.swift in Sources */ = {isa = PBXBuildFile; fileRef = 35386A4E2B18FC2600CD8254 /* AddFriendViewModel.swift */; };
		35386A522B19069900CD8254 /* UserService.swift in Sources */ = {isa = PBXBuildFile; fileRef = 35386A512B19069900CD8254 /* UserService.swift */; };
		35386A542B19138D00CD8254 /* FriendProfileView.swift in Sources */ = {isa = PBXBuildFile; fileRef = 35386A532B19138D00CD8254 /* FriendProfileView.swift */; };
		355A34B12B1E59E000F4DEBF /* PostCell.swift in Sources */ = {isa = PBXBuildFile; fileRef = 355A34B02B1E59E000F4DEBF /* PostCell.swift */; };
		355A34B32B1E871F00F4DEBF /* SocialViewModel.swift in Sources */ = {isa = PBXBuildFile; fileRef = 355A34B22B1E871F00F4DEBF /* SocialViewModel.swift */; };
		355A34B52B1E8E1F00F4DEBF /* PostService.swift in Sources */ = {isa = PBXBuildFile; fileRef = 355A34B42B1E8E1F00F4DEBF /* PostService.swift */; };
		356E3FC22AFEC38F00826B05 /* LoginView.swift in Sources */ = {isa = PBXBuildFile; fileRef = 356E3FC12AFEC38F00826B05 /* LoginView.swift */; };
		356E3FC42AFEC3A000826B05 /* SignupView.swift in Sources */ = {isa = PBXBuildFile; fileRef = 356E3FC32AFEC3A000826B05 /* SignupView.swift */; };
		356E3FCD2AFECF2800826B05 /* AuthService.swift in Sources */ = {isa = PBXBuildFile; fileRef = 356E3FCC2AFECF2800826B05 /* AuthService.swift */; };
		356E3FD22AFED27000826B05 /* ContentViewModel.swift in Sources */ = {isa = PBXBuildFile; fileRef = 356E3FD12AFED27000826B05 /* ContentViewModel.swift */; };
		356E3FD42AFED74800826B05 /* ContentView.swift in Sources */ = {isa = PBXBuildFile; fileRef = 356E3FD02AFED25100826B05 /* ContentView.swift */; };
		35710EDE2AFEB6B4005164D6 /* SnowCountryApp.swift in Sources */ = {isa = PBXBuildFile; fileRef = 35710EDD2AFEB6B4005164D6 /* SnowCountryApp.swift */; };
		35710EE22AFEB6B5005164D6 /* Assets.xcassets in Resources */ = {isa = PBXBuildFile; fileRef = 35710EE12AFEB6B5005164D6 /* Assets.xcassets */; };
		35710EE52AFEB6B5005164D6 /* Preview Assets.xcassets in Resources */ = {isa = PBXBuildFile; fileRef = 35710EE42AFEB6B5005164D6 /* Preview Assets.xcassets */; };
		35BE7F192AFFBECC00F1993D /* EditProfileView.swift in Sources */ = {isa = PBXBuildFile; fileRef = 35BE7F182AFFBECC00F1993D /* EditProfileView.swift */; };
		35BE7F1B2AFFC64300F1993D /* EditProfileViewModel.swift in Sources */ = {isa = PBXBuildFile; fileRef = 35BE7F1A2AFFC64300F1993D /* EditProfileViewModel.swift */; };
		35BE7F1E2AFFD97600F1993D /* ImageUploader.swift in Sources */ = {isa = PBXBuildFile; fileRef = 35BE7F1D2AFFD97600F1993D /* ImageUploader.swift */; };
		35BE7F202AFFE2C000F1993D /* ProfileImage.swift in Sources */ = {isa = PBXBuildFile; fileRef = 35BE7F1F2AFFE2C000F1993D /* ProfileImage.swift */; };
		35E1D50A2AFEF56C0077AE90 /* SignupViewModel.swift in Sources */ = {isa = PBXBuildFile; fileRef = 35E1D5092AFEF56C0077AE90 /* SignupViewModel.swift */; };
		35E1D50F2AFF01C70077AE90 /* MainTabView.swift in Sources */ = {isa = PBXBuildFile; fileRef = 35E1D50E2AFF01C70077AE90 /* MainTabView.swift */; };
		35E1D5112AFF02B00077AE90 /* SocialView.swift in Sources */ = {isa = PBXBuildFile; fileRef = 35E1D5102AFF02B00077AE90 /* SocialView.swift */; };
		35E1D5132AFF02BD0077AE90 /* ProfileView.swift in Sources */ = {isa = PBXBuildFile; fileRef = 35E1D5122AFF02BD0077AE90 /* ProfileView.swift */; };
		35E1D5192AFF10F80077AE90 /* LoginViewModel.swift in Sources */ = {isa = PBXBuildFile; fileRef = 35E1D5182AFF10F80077AE90 /* LoginViewModel.swift */; };
		35E1D51C2AFF16670077AE90 /* User.swift in Sources */ = {isa = PBXBuildFile; fileRef = 35E1D51B2AFF16670077AE90 /* User.swift */; };
		35E1D5212AFF1B480077AE90 /* Color.swift in Sources */ = {isa = PBXBuildFile; fileRef = 35E1D5202AFF1B480077AE90 /* Color.swift */; };
		35E1D5272AFF1EF70077AE90 /* Post.swift in Sources */ = {isa = PBXBuildFile; fileRef = 35E1D5262AFF1EF70077AE90 /* Post.swift */; };
		3D944E98375E3680A14BADC5 /* Pods_SnowCountry.framework in Frameworks */ = {isa = PBXBuildFile; fileRef = 895A92337036C7D1B225B159 /* Pods_SnowCountry.framework */; };
/* End PBXBuildFile section */

/* Begin PBXCopyFilesBuildPhase section */
		0204050A2B4A4AFE0082207C /* Embed Foundation Extensions */ = {
			isa = PBXCopyFilesBuildPhase;
			buildActionMask = 2147483647;
			dstPath = "";
			dstSubfolderSpec = 13;
			files = (
			);
			name = "Embed Foundation Extensions";
			runOnlyForDeploymentPostprocessing = 0;
		};
/* End PBXCopyFilesBuildPhase section */

/* Begin PBXFileReference section */
		02018D8F2B1D63B2006D820B /* UtilityFunctions.swift */ = {isa = PBXFileReference; lastKnownFileType = sourcecode.swift; path = UtilityFunctions.swift; sourceTree = "<group>"; };
		020404F42B4A41170082207C /* GPXStatsLogic.swift */ = {isa = PBXFileReference; lastKnownFileType = sourcecode.swift; path = GPXStatsLogic.swift; sourceTree = "<group>"; };
		020404FE2B4A4AFE0082207C /* ShareViewController.swift */ = {isa = PBXFileReference; lastKnownFileType = sourcecode.swift; path = ShareViewController.swift; sourceTree = "<group>"; };
		020405012B4A4AFE0082207C /* Base */ = {isa = PBXFileReference; lastKnownFileType = file.storyboard; name = Base; path = Base.lproj/MainInterface.storyboard; sourceTree = "<group>"; };
		020405032B4A4AFE0082207C /* Info.plist */ = {isa = PBXFileReference; lastKnownFileType = text.plist.xml; path = Info.plist; sourceTree = "<group>"; };
		020405112B4A4B8C0082207C /* ShareViewController.swift */ = {isa = PBXFileReference; lastKnownFileType = sourcecode.swift; path = ShareViewController.swift; sourceTree = "<group>"; };
		020405142B4A4B8C0082207C /* Base */ = {isa = PBXFileReference; lastKnownFileType = file.storyboard; name = Base; path = Base.lproj/MainInterface.storyboard; sourceTree = "<group>"; };
		020405162B4A4B8C0082207C /* Info.plist */ = {isa = PBXFileReference; lastKnownFileType = text.plist.xml; path = Info.plist; sourceTree = "<group>"; };
		0204051D2B4A56330082207C /* GPXParser.swift */ = {isa = PBXFileReference; lastKnownFileType = sourcecode.swift; path = GPXParser.swift; sourceTree = "<group>"; };
		02124C242B2B46C500D61795 /* SnowCountry.entitlements */ = {isa = PBXFileReference; lastKnownFileType = text.plist.entitlements; path = SnowCountry.entitlements; sourceTree = "<group>"; };
		02253E472B4F5F0100639F1E /* ProfileStatisticsView.swift */ = {isa = PBXFileReference; lastKnownFileType = sourcecode.swift; path = ProfileStatisticsView.swift; sourceTree = "<group>"; };
		02470A292B522B1400A3AA35 /* LifetimeStats.swift */ = {isa = PBXFileReference; lastKnownFileType = sourcecode.swift; path = LifetimeStats.swift; sourceTree = "<group>"; };
		024CFE132B118644005708F4 /* good times rg.otf */ = {isa = PBXFileReference; lastKnownFileType = file; name = "good times rg.otf"; path = "SnowCountry/good times rg.otf"; sourceTree = SOURCE_ROOT; };
		024CFE162B118953005708F4 /* TrackLogic.swift */ = {isa = PBXFileReference; lastKnownFileType = sourcecode.swift; path = TrackLogic.swift; sourceTree = "<group>"; };
		024CFE182B118977005708F4 /* TrackToFile.swift */ = {isa = PBXFileReference; lastKnownFileType = sourcecode.swift; path = TrackToFile.swift; sourceTree = "<group>"; };
		024CFE1A2B118992005708F4 /* TrackView.swift */ = {isa = PBXFileReference; lastKnownFileType = sourcecode.swift; path = TrackView.swift; sourceTree = "<group>"; };
		0254592B2B23A190008F955E /* RouteDetailsView.swift */ = {isa = PBXFileReference; lastKnownFileType = sourcecode.swift; path = RouteDetailsView.swift; sourceTree = "<group>"; };
		0262E78A2B220D5A008E123E /* MapBoxRouteLogic.swift */ = {isa = PBXFileReference; lastKnownFileType = sourcecode.swift; path = MapBoxRouteLogic.swift; sourceTree = "<group>"; };
		0262E78E2B236330008E123E /* MapBoxRouteView.swift */ = {isa = PBXFileReference; lastKnownFileType = sourcecode.swift; path = MapBoxRouteView.swift; sourceTree = "<group>"; };
		0262E7902B236391008E123E /* UserLocationProvider.swift */ = {isa = PBXFileReference; lastKnownFileType = sourcecode.swift; path = UserLocationProvider.swift; sourceTree = "<group>"; };
		026F9C8D2B5DE4400046A865 /* FriendRequestsView.swift */ = {isa = PBXFileReference; lastKnownFileType = sourcecode.swift; path = FriendRequestsView.swift; sourceTree = "<group>"; };
		027896742B895A040047BA24 /* ProfileViewModel.swift */ = {isa = PBXFileReference; lastKnownFileType = sourcecode.swift; path = ProfileViewModel.swift; sourceTree = "<group>"; };
		02792C772C43B52200E13E24 /* AuthView.swift */ = {isa = PBXFileReference; lastKnownFileType = sourcecode.swift; path = AuthView.swift; sourceTree = "<group>"; };
		028F12502B5DDA1800F8EE77 /* FriendsListView.swift */ = {isa = PBXFileReference; lastKnownFileType = sourcecode.swift; path = FriendsListView.swift; sourceTree = "<group>"; };
		0298C4FB2B4B2AE9004E5737 /* Old-GoogleService-Info(2).plist */ = {isa = PBXFileReference; fileEncoding = 4; lastKnownFileType = text.plist.xml; path = "Old-GoogleService-Info(2).plist"; sourceTree = "<group>"; };
		029D507B2B607C8F00ADE48F /* GoogleService-Info.plist */ = {isa = PBXFileReference; fileEncoding = 4; lastKnownFileType = text.plist.xml; path = "GoogleService-Info.plist"; sourceTree = "<group>"; };
		02A20B792B1AE81800DCD8F6 /* TrackPageView.swift */ = {isa = PBXFileReference; lastKnownFileType = sourcecode.swift; path = TrackPageView.swift; sourceTree = "<group>"; };
		02A20B7B2B1C213700DCD8F6 /* StatView.swift */ = {isa = PBXFileReference; lastKnownFileType = sourcecode.swift; path = StatView.swift; sourceTree = "<group>"; };
		02AC55FF2B477E2000B8B424 /* WeatherLayers.swift */ = {isa = PBXFileReference; lastKnownFileType = sourcecode.swift; path = WeatherLayers.swift; sourceTree = "<group>"; };
		02ADEF952C447CAB0083EFA7 /* Logo - SIWA - Logo-only - White@1x.png */ = {isa = PBXFileReference; lastKnownFileType = image.png; path = "Logo - SIWA - Logo-only - White@1x.png"; sourceTree = "<group>"; };
		02CC7B432B18C9CB00B5E127 /* TrackHistoryView.swift */ = {isa = PBXFileReference; lastKnownFileType = sourcecode.swift; path = TrackHistoryView.swift; sourceTree = "<group>"; };
		02CC7B452B18D14800B5E127 /* FileToTrack.swift */ = {isa = PBXFileReference; lastKnownFileType = sourcecode.swift; path = FileToTrack.swift; sourceTree = "<group>"; };
		02CC7B472B18E42D00B5E127 /* MapboxView.swift */ = {isa = PBXFileReference; lastKnownFileType = sourcecode.swift; path = MapboxView.swift; sourceTree = "<group>"; };
		02CC7B492B18E45C00B5E127 /* SessionsView.swift */ = {isa = PBXFileReference; lastKnownFileType = sourcecode.swift; path = SessionsView.swift; sourceTree = "<group>"; };
		02CC7B4B2B18ED5300B5E127 /* RecordView.swift */ = {isa = PBXFileReference; lastKnownFileType = sourcecode.swift; path = RecordView.swift; sourceTree = "<group>"; };
		02DDC4C62B7A9FC100B8895A /* UnitConverter.swift */ = {isa = PBXFileReference; lastKnownFileType = sourcecode.swift; path = UnitConverter.swift; sourceTree = "<group>"; };
		02DDC4C82B7AB7D600B8895A /* UserSettings.swift */ = {isa = PBXFileReference; lastKnownFileType = sourcecode.swift; path = UserSettings.swift; sourceTree = "<group>"; };
		02DDC4CB2B7AB81700B8895A /* Profile Structs & Functions.swift */ = {isa = PBXFileReference; lastKnownFileType = sourcecode.swift; path = "Profile Structs & Functions.swift"; sourceTree = "<group>"; };
		02DE9F342B99720400EEF94B /* TrackToImageView.swift */ = {isa = PBXFileReference; lastKnownFileType = sourcecode.swift; path = TrackToImageView.swift; sourceTree = "<group>"; };
		02DE9F362B99721400EEF94B /* TrackToImageViewModel.swift */ = {isa = PBXFileReference; lastKnownFileType = sourcecode.swift; path = TrackToImageViewModel.swift; sourceTree = "<group>"; };
		02DE9F382B9986F700EEF94B /* TrackImageMapView.swift */ = {isa = PBXFileReference; lastKnownFileType = sourcecode.swift; path = TrackImageMapView.swift; sourceTree = "<group>"; };
		350DA5FD2B19423D0040C8B6 /* FriendProfileViewModel.swift */ = {isa = PBXFileReference; lastKnownFileType = sourcecode.swift; path = FriendProfileViewModel.swift; sourceTree = "<group>"; };
		35386A482B18F7E700CD8254 /* UploadPostView.swift */ = {isa = PBXFileReference; lastKnownFileType = sourcecode.swift; path = UploadPostView.swift; sourceTree = "<group>"; };
		35386A4A2B18F7F200CD8254 /* UploadPostViewModel.swift */ = {isa = PBXFileReference; lastKnownFileType = sourcecode.swift; path = UploadPostViewModel.swift; sourceTree = "<group>"; };
		35386A4C2B18FC1600CD8254 /* AddFriendView.swift */ = {isa = PBXFileReference; lastKnownFileType = sourcecode.swift; path = AddFriendView.swift; sourceTree = "<group>"; };
		35386A4E2B18FC2600CD8254 /* AddFriendViewModel.swift */ = {isa = PBXFileReference; lastKnownFileType = sourcecode.swift; path = AddFriendViewModel.swift; sourceTree = "<group>"; };
		35386A512B19069900CD8254 /* UserService.swift */ = {isa = PBXFileReference; lastKnownFileType = sourcecode.swift; path = UserService.swift; sourceTree = "<group>"; };
		35386A532B19138D00CD8254 /* FriendProfileView.swift */ = {isa = PBXFileReference; lastKnownFileType = sourcecode.swift; path = FriendProfileView.swift; sourceTree = "<group>"; };
		355A34B02B1E59E000F4DEBF /* PostCell.swift */ = {isa = PBXFileReference; lastKnownFileType = sourcecode.swift; path = PostCell.swift; sourceTree = "<group>"; };
		355A34B22B1E871F00F4DEBF /* SocialViewModel.swift */ = {isa = PBXFileReference; lastKnownFileType = sourcecode.swift; path = SocialViewModel.swift; sourceTree = "<group>"; };
		355A34B42B1E8E1F00F4DEBF /* PostService.swift */ = {isa = PBXFileReference; lastKnownFileType = sourcecode.swift; path = PostService.swift; sourceTree = "<group>"; };
		356E3FC12AFEC38F00826B05 /* LoginView.swift */ = {isa = PBXFileReference; lastKnownFileType = sourcecode.swift; path = LoginView.swift; sourceTree = "<group>"; };
		356E3FC32AFEC3A000826B05 /* SignupView.swift */ = {isa = PBXFileReference; lastKnownFileType = sourcecode.swift; path = SignupView.swift; sourceTree = "<group>"; };
		356E3FCB2AFECC1000826B05 /* Info.plist */ = {isa = PBXFileReference; lastKnownFileType = text.plist; path = Info.plist; sourceTree = "<group>"; };
		356E3FCC2AFECF2800826B05 /* AuthService.swift */ = {isa = PBXFileReference; lastKnownFileType = sourcecode.swift; path = AuthService.swift; sourceTree = "<group>"; };
		356E3FD02AFED25100826B05 /* ContentView.swift */ = {isa = PBXFileReference; lastKnownFileType = sourcecode.swift; path = ContentView.swift; sourceTree = "<group>"; };
		356E3FD12AFED27000826B05 /* ContentViewModel.swift */ = {isa = PBXFileReference; lastKnownFileType = sourcecode.swift; path = ContentViewModel.swift; sourceTree = "<group>"; };
		35710EDA2AFEB6B4005164D6 /* SnowCountry.app */ = {isa = PBXFileReference; explicitFileType = wrapper.application; includeInIndex = 0; path = SnowCountry.app; sourceTree = BUILT_PRODUCTS_DIR; };
		35710EDD2AFEB6B4005164D6 /* SnowCountryApp.swift */ = {isa = PBXFileReference; lastKnownFileType = sourcecode.swift; path = SnowCountryApp.swift; sourceTree = "<group>"; };
		35710EE12AFEB6B5005164D6 /* Assets.xcassets */ = {isa = PBXFileReference; lastKnownFileType = folder.assetcatalog; path = Assets.xcassets; sourceTree = "<group>"; };
		35710EE42AFEB6B5005164D6 /* Preview Assets.xcassets */ = {isa = PBXFileReference; lastKnownFileType = folder.assetcatalog; path = "Preview Assets.xcassets"; sourceTree = "<group>"; };
		35BE7F182AFFBECC00F1993D /* EditProfileView.swift */ = {isa = PBXFileReference; lastKnownFileType = sourcecode.swift; path = EditProfileView.swift; sourceTree = "<group>"; };
		35BE7F1A2AFFC64300F1993D /* EditProfileViewModel.swift */ = {isa = PBXFileReference; lastKnownFileType = sourcecode.swift; path = EditProfileViewModel.swift; sourceTree = "<group>"; };
		35BE7F1D2AFFD97600F1993D /* ImageUploader.swift */ = {isa = PBXFileReference; lastKnownFileType = sourcecode.swift; path = ImageUploader.swift; sourceTree = "<group>"; };
		35BE7F1F2AFFE2C000F1993D /* ProfileImage.swift */ = {isa = PBXFileReference; lastKnownFileType = sourcecode.swift; path = ProfileImage.swift; sourceTree = "<group>"; };
		35E1D5092AFEF56C0077AE90 /* SignupViewModel.swift */ = {isa = PBXFileReference; lastKnownFileType = sourcecode.swift; path = SignupViewModel.swift; sourceTree = "<group>"; };
		35E1D50E2AFF01C70077AE90 /* MainTabView.swift */ = {isa = PBXFileReference; lastKnownFileType = sourcecode.swift; path = MainTabView.swift; sourceTree = "<group>"; };
		35E1D5102AFF02B00077AE90 /* SocialView.swift */ = {isa = PBXFileReference; lastKnownFileType = sourcecode.swift; path = SocialView.swift; sourceTree = "<group>"; };
		35E1D5122AFF02BD0077AE90 /* ProfileView.swift */ = {isa = PBXFileReference; lastKnownFileType = sourcecode.swift; path = ProfileView.swift; sourceTree = "<group>"; };
		35E1D5182AFF10F80077AE90 /* LoginViewModel.swift */ = {isa = PBXFileReference; lastKnownFileType = sourcecode.swift; path = LoginViewModel.swift; sourceTree = "<group>"; };
		35E1D51B2AFF16670077AE90 /* User.swift */ = {isa = PBXFileReference; lastKnownFileType = sourcecode.swift; path = User.swift; sourceTree = "<group>"; };
		35E1D5202AFF1B480077AE90 /* Color.swift */ = {isa = PBXFileReference; lastKnownFileType = sourcecode.swift; path = Color.swift; sourceTree = "<group>"; };
		35E1D5262AFF1EF70077AE90 /* Post.swift */ = {isa = PBXFileReference; lastKnownFileType = sourcecode.swift; path = Post.swift; sourceTree = "<group>"; };
		5AB2A692C9349C2AC9D103F8 /* Pods-SnowCountry.debug.xcconfig */ = {isa = PBXFileReference; includeInIndex = 1; lastKnownFileType = text.xcconfig; name = "Pods-SnowCountry.debug.xcconfig"; path = "Target Support Files/Pods-SnowCountry/Pods-SnowCountry.debug.xcconfig"; sourceTree = "<group>"; };
		895A92337036C7D1B225B159 /* Pods_SnowCountry.framework */ = {isa = PBXFileReference; explicitFileType = wrapper.framework; includeInIndex = 0; path = Pods_SnowCountry.framework; sourceTree = BUILT_PRODUCTS_DIR; };
		D01DA8750246CAB4337F9679 /* Pods-SnowCountry.release.xcconfig */ = {isa = PBXFileReference; includeInIndex = 1; lastKnownFileType = text.xcconfig; name = "Pods-SnowCountry.release.xcconfig"; path = "Target Support Files/Pods-SnowCountry/Pods-SnowCountry.release.xcconfig"; sourceTree = "<group>"; };
/* End PBXFileReference section */

/* Begin PBXFrameworksBuildPhase section */
		35710ED72AFEB6B4005164D6 /* Frameworks */ = {
			isa = PBXFrameworksBuildPhase;
			buildActionMask = 2147483647;
			files = (
				3D944E98375E3680A14BADC5 /* Pods_SnowCountry.framework in Frameworks */,
			);
			runOnlyForDeploymentPostprocessing = 0;
		};
/* End PBXFrameworksBuildPhase section */

/* Begin PBXGroup section */
		020404FD2B4A4AFE0082207C /* SnowCountry-Share-Extension */ = {
			isa = PBXGroup;
			children = (
				020404FE2B4A4AFE0082207C /* ShareViewController.swift */,
				020405002B4A4AFE0082207C /* MainInterface.storyboard */,
				020405032B4A4AFE0082207C /* Info.plist */,
			);
			path = "SnowCountry-Share-Extension";
			sourceTree = "<group>";
		};
		020405102B4A4B8C0082207C /* Share-Extension */ = {
			isa = PBXGroup;
			children = (
				020405112B4A4B8C0082207C /* ShareViewController.swift */,
				020405132B4A4B8C0082207C /* MainInterface.storyboard */,
				020405162B4A4B8C0082207C /* Info.plist */,
			);
			path = "Share-Extension";
			sourceTree = "<group>";
		};
		024CFE152B118935005708F4 /* Tracking */ = {
			isa = PBXGroup;
			children = (
				02DDC4C32B7A9F5000B8895A /* File Logistics */,
				02DDC4C52B7A9F8000B8895A /* Logic */,
				02DDC4C42B7A9F6500B8895A /* Views */,
			);
			path = Tracking;
			sourceTree = "<group>";
		};
		0262E7892B220D3D008E123E /* MapBox */ = {
			isa = PBXGroup;
			children = (
				02CC7B472B18E42D00B5E127 /* MapboxView.swift */,
				0262E78A2B220D5A008E123E /* MapBoxRouteLogic.swift */,
				0262E78E2B236330008E123E /* MapBoxRouteView.swift */,
				02AC55FF2B477E2000B8B424 /* WeatherLayers.swift */,
				0262E7902B236391008E123E /* UserLocationProvider.swift */,
				0254592B2B23A190008F955E /* RouteDetailsView.swift */,
			);
			path = MapBox;
			sourceTree = "<group>";
		};
		02AC55FE2B476C1000B8B424 /* SessionsView */ = {
			isa = PBXGroup;
			children = (
				02CC7B492B18E45C00B5E127 /* SessionsView.swift */,
			);
			path = SessionsView;
			sourceTree = "<group>";
		};
		02DDC4C02B7A9ED300B8895A /* Friends */ = {
			isa = PBXGroup;
			children = (
				028F12502B5DDA1800F8EE77 /* FriendsListView.swift */,
				026F9C8D2B5DE4400046A865 /* FriendRequestsView.swift */,
			);
			path = Friends;
			sourceTree = "<group>";
		};
		02DDC4C12B7A9EE800B8895A /* Settings */ = {
			isa = PBXGroup;
			children = (
				02DDC4C82B7AB7D600B8895A /* UserSettings.swift */,
				35BE7F1A2AFFC64300F1993D /* EditProfileViewModel.swift */,
				35BE7F182AFFBECC00F1993D /* EditProfileView.swift */,
			);
			path = Settings;
			sourceTree = "<group>";
		};
		02DDC4C22B7A9F1B00B8895A /* Friends */ = {
			isa = PBXGroup;
			children = (
				355A34AD2B1E57E400F4DEBF /* AddFriend */,
				355A34AF2B1E582200F4DEBF /* FriendProfile */,
			);
			path = Friends;
			sourceTree = "<group>";
		};
		02DDC4C32B7A9F5000B8895A /* File Logistics */ = {
			isa = PBXGroup;
			children = (
				024CFE182B118977005708F4 /* TrackToFile.swift */,
				02CC7B452B18D14800B5E127 /* FileToTrack.swift */,
			);
			path = "File Logistics";
			sourceTree = "<group>";
		};
		02DDC4C42B7A9F6500B8895A /* Views */ = {
			isa = PBXGroup;
			children = (
				02CC7B4B2B18ED5300B5E127 /* RecordView.swift */,
				024CFE1A2B118992005708F4 /* TrackView.swift */,
				02CC7B432B18C9CB00B5E127 /* TrackHistoryView.swift */,
				02A20B7B2B1C213700DCD8F6 /* StatView.swift */,
				02A20B792B1AE81800DCD8F6 /* TrackPageView.swift */,
			);
			path = Views;
			sourceTree = "<group>";
		};
		02DDC4C52B7A9F8000B8895A /* Logic */ = {
			isa = PBXGroup;
			children = (
				024CFE162B118953005708F4 /* TrackLogic.swift */,
				0204051D2B4A56330082207C /* GPXParser.swift */,
				020404F42B4A41170082207C /* GPXStatsLogic.swift */,
				02DDC4C62B7A9FC100B8895A /* UnitConverter.swift */,
			);
			path = Logic;
			sourceTree = "<group>";
		};
		02DDC4CA2B7AB7F300B8895A /* Structs & Functions */ = {
			isa = PBXGroup;
			children = (
				02DDC4CB2B7AB81700B8895A /* Profile Structs & Functions.swift */,
				027896742B895A040047BA24 /* ProfileViewModel.swift */,
			);
			path = "Structs & Functions";
			sourceTree = "<group>";
		};
		35386A502B19068B00CD8254 /* Services */ = {
			isa = PBXGroup;
			children = (
				35BE7F1D2AFFD97600F1993D /* ImageUploader.swift */,
				35386A512B19069900CD8254 /* UserService.swift */,
				355A34B42B1E8E1F00F4DEBF /* PostService.swift */,
			);
			path = Services;
			sourceTree = "<group>";
		};
		355A34AD2B1E57E400F4DEBF /* AddFriend */ = {
			isa = PBXGroup;
			children = (
				35386A4C2B18FC1600CD8254 /* AddFriendView.swift */,
				35386A4E2B18FC2600CD8254 /* AddFriendViewModel.swift */,
			);
			path = AddFriend;
			sourceTree = "<group>";
		};
		355A34AE2B1E580F00F4DEBF /* UploadPost */ = {
			isa = PBXGroup;
			children = (
				35386A482B18F7E700CD8254 /* UploadPostView.swift */,
				35386A4A2B18F7F200CD8254 /* UploadPostViewModel.swift */,
				02DE9F342B99720400EEF94B /* TrackToImageView.swift */,
				02DE9F362B99721400EEF94B /* TrackToImageViewModel.swift */,
				02DE9F382B9986F700EEF94B /* TrackImageMapView.swift */,
			);
			path = UploadPost;
			sourceTree = "<group>";
		};
		355A34AF2B1E582200F4DEBF /* FriendProfile */ = {
			isa = PBXGroup;
			children = (
				35386A532B19138D00CD8254 /* FriendProfileView.swift */,
				350DA5FD2B19423D0040C8B6 /* FriendProfileViewModel.swift */,
			);
			path = FriendProfile;
			sourceTree = "<group>";
		};
		356E3FC02AFEC37300826B05 /* Auth */ = {
			isa = PBXGroup;
			children = (
				356E3FC12AFEC38F00826B05 /* LoginView.swift */,
				356E3FC32AFEC3A000826B05 /* SignupView.swift */,
				356E3FCC2AFECF2800826B05 /* AuthService.swift */,
				02792C772C43B52200E13E24 /* AuthView.swift */,
				35E1D5092AFEF56C0077AE90 /* SignupViewModel.swift */,
				35E1D5182AFF10F80077AE90 /* LoginViewModel.swift */,
			);
			path = Auth;
			sourceTree = "<group>";
		};
		356E3FCF2AFED23C00826B05 /* Root */ = {
			isa = PBXGroup;
			children = (
				356E3FD02AFED25100826B05 /* ContentView.swift */,
				356E3FD12AFED27000826B05 /* ContentViewModel.swift */,
				02018D8F2B1D63B2006D820B /* UtilityFunctions.swift */,
			);
			path = Root;
			sourceTree = "<group>";
		};
		35710ED12AFEB6B4005164D6 = {
			isa = PBXGroup;
			children = (
				02ADEF952C447CAB0083EFA7 /* Logo - SIWA - Logo-only - White@1x.png */,
				35710EDC2AFEB6B4005164D6 /* SnowCountry */,
				020404FD2B4A4AFE0082207C /* SnowCountry-Share-Extension */,
				020405102B4A4B8C0082207C /* Share-Extension */,
				35710EDB2AFEB6B4005164D6 /* Products */,
				729A9C53B605802D8896A3FE /* Pods */,
				F9E8A13D2E10CC1FA227F4D5 /* Frameworks */,
			);
			sourceTree = "<group>";
		};
		35710EDB2AFEB6B4005164D6 /* Products */ = {
			isa = PBXGroup;
			children = (
				35710EDA2AFEB6B4005164D6 /* SnowCountry.app */,
			);
			name = Products;
			sourceTree = "<group>";
		};
		35710EDC2AFEB6B4005164D6 /* SnowCountry */ = {
			isa = PBXGroup;
			children = (
				02124C242B2B46C500D61795 /* SnowCountry.entitlements */,
				35710EDD2AFEB6B4005164D6 /* SnowCountryApp.swift */,
				35E1D50D2AFF01B40077AE90 /* Main */,
				356E3FCF2AFED23C00826B05 /* Root */,
				356E3FCB2AFECC1000826B05 /* Info.plist */,
				024CFE132B118644005708F4 /* good times rg.otf */,
				029D507B2B607C8F00ADE48F /* GoogleService-Info.plist */,
				0298C4FB2B4B2AE9004E5737 /* Old-GoogleService-Info(2).plist */,
				35BE7F1C2AFFD90600F1993D /* Components */,
				35E1D51A2AFF16400077AE90 /* Models */,
				35710EE12AFEB6B5005164D6 /* Assets.xcassets */,
				35386A502B19068B00CD8254 /* Services */,
				35710EE32AFEB6B5005164D6 /* Preview Content */,
			);
			path = SnowCountry;
			sourceTree = "<group>";
		};
		35710EE32AFEB6B5005164D6 /* Preview Content */ = {
			isa = PBXGroup;
			children = (
				35710EE42AFEB6B5005164D6 /* Preview Assets.xcassets */,
			);
			path = "Preview Content";
			sourceTree = "<group>";
		};
		35BE7F172AFFBE6700F1993D /* Profile */ = {
			isa = PBXGroup;
			children = (
				02DDC4CA2B7AB7F300B8895A /* Structs & Functions */,
				35E1D5122AFF02BD0077AE90 /* ProfileView.swift */,
				02253E472B4F5F0100639F1E /* ProfileStatisticsView.swift */,
				02470A292B522B1400A3AA35 /* LifetimeStats.swift */,
				02DDC4C12B7A9EE800B8895A /* Settings */,
				02DDC4C02B7A9ED300B8895A /* Friends */,
			);
			path = Profile;
			sourceTree = "<group>";
		};
		35BE7F1C2AFFD90600F1993D /* Components */ = {
			isa = PBXGroup;
			children = (
				35BE7F1F2AFFE2C000F1993D /* ProfileImage.swift */,
				35E1D5202AFF1B480077AE90 /* Color.swift */,
			);
			path = Components;
			sourceTree = "<group>";
		};
		35E1D50D2AFF01B40077AE90 /* Main */ = {
			isa = PBXGroup;
			children = (
				35E1D50E2AFF01C70077AE90 /* MainTabView.swift */,
				35E1D51D2AFF1B050077AE90 /* Social */,
				02AC55FE2B476C1000B8B424 /* SessionsView */,
				024CFE152B118935005708F4 /* Tracking */,
				0262E7892B220D3D008E123E /* MapBox */,
				35BE7F172AFFBE6700F1993D /* Profile */,
				356E3FC02AFEC37300826B05 /* Auth */,
			);
			path = Main;
			sourceTree = "<group>";
		};
		35E1D51A2AFF16400077AE90 /* Models */ = {
			isa = PBXGroup;
			children = (
				35E1D51B2AFF16670077AE90 /* User.swift */,
				35E1D5262AFF1EF70077AE90 /* Post.swift */,
			);
			path = Models;
			sourceTree = "<group>";
		};
		35E1D51D2AFF1B050077AE90 /* Social */ = {
			isa = PBXGroup;
			children = (
				355A34AE2B1E580F00F4DEBF /* UploadPost */,
				02DDC4C22B7A9F1B00B8895A /* Friends */,
				35E1D5102AFF02B00077AE90 /* SocialView.swift */,
				355A34B22B1E871F00F4DEBF /* SocialViewModel.swift */,
				355A34B02B1E59E000F4DEBF /* PostCell.swift */,
			);
			path = Social;
			sourceTree = "<group>";
		};
		729A9C53B605802D8896A3FE /* Pods */ = {
			isa = PBXGroup;
			children = (
				5AB2A692C9349C2AC9D103F8 /* Pods-SnowCountry.debug.xcconfig */,
				D01DA8750246CAB4337F9679 /* Pods-SnowCountry.release.xcconfig */,
			);
			path = Pods;
			sourceTree = "<group>";
		};
		F9E8A13D2E10CC1FA227F4D5 /* Frameworks */ = {
			isa = PBXGroup;
			children = (
				895A92337036C7D1B225B159 /* Pods_SnowCountry.framework */,
			);
			name = Frameworks;
			sourceTree = "<group>";
		};
/* End PBXGroup section */

/* Begin PBXNativeTarget section */
		35710ED92AFEB6B4005164D6 /* SnowCountry */ = {
			isa = PBXNativeTarget;
			buildConfigurationList = 35710EFE2AFEB6B5005164D6 /* Build configuration list for PBXNativeTarget "SnowCountry" */;
			buildPhases = (
				B41AA96141FDC26C5DA1EE5F /* [CP] Check Pods Manifest.lock */,
				35710ED62AFEB6B4005164D6 /* Sources */,
				35710ED72AFEB6B4005164D6 /* Frameworks */,
				35710ED82AFEB6B4005164D6 /* Resources */,
				EC562A9241CD1DDBDF30F012 /* [CP] Embed Pods Frameworks */,
				0204050A2B4A4AFE0082207C /* Embed Foundation Extensions */,
			);
			buildRules = (
			);
			dependencies = (
			);
			name = SnowCountry;
			productName = SnowCountry;
			productReference = 35710EDA2AFEB6B4005164D6 /* SnowCountry.app */;
			productType = "com.apple.product-type.application";
		};
/* End PBXNativeTarget section */

/* Begin PBXProject section */
		35710ED22AFEB6B4005164D6 /* Project object */ = {
			isa = PBXProject;
			attributes = {
				BuildIndependentTargetsInParallel = 1;
				LastSwiftUpdateCheck = 1500;
				LastUpgradeCheck = 1500;
				TargetAttributes = {
					35710ED92AFEB6B4005164D6 = {
						CreatedOnToolsVersion = 14.3.1;
					};
				};
			};
			buildConfigurationList = 35710ED52AFEB6B4005164D6 /* Build configuration list for PBXProject "SnowCountry" */;
			compatibilityVersion = "Xcode 14.0";
			developmentRegion = en;
			hasScannedForEncodings = 0;
			knownRegions = (
				en,
				Base,
			);
			mainGroup = 35710ED12AFEB6B4005164D6;
			productRefGroup = 35710EDB2AFEB6B4005164D6 /* Products */;
			projectDirPath = "";
			projectRoot = "";
			targets = (
				35710ED92AFEB6B4005164D6 /* SnowCountry */,
			);
		};
/* End PBXProject section */

/* Begin PBXResourcesBuildPhase section */
		35710ED82AFEB6B4005164D6 /* Resources */ = {
			isa = PBXResourcesBuildPhase;
			buildActionMask = 2147483647;
			files = (
				029D507C2B607C8F00ADE48F /* GoogleService-Info.plist in Resources */,
				02ADEF962C447CAB0083EFA7 /* Logo - SIWA - Logo-only - White@1x.png in Resources */,
				024CFE142B118644005708F4 /* good times rg.otf in Resources */,
				35710EE52AFEB6B5005164D6 /* Preview Assets.xcassets in Resources */,
				35710EE22AFEB6B5005164D6 /* Assets.xcassets in Resources */,
				0298C4FC2B4B2AE9004E5737 /* Old-GoogleService-Info(2).plist in Resources */,
			);
			runOnlyForDeploymentPostprocessing = 0;
		};
/* End PBXResourcesBuildPhase section */

/* Begin PBXShellScriptBuildPhase section */
		B41AA96141FDC26C5DA1EE5F /* [CP] Check Pods Manifest.lock */ = {
			isa = PBXShellScriptBuildPhase;
			buildActionMask = 2147483647;
			files = (
			);
			inputFileListPaths = (
			);
			inputPaths = (
				"${PODS_PODFILE_DIR_PATH}/Podfile.lock",
				"${PODS_ROOT}/Manifest.lock",
			);
			name = "[CP] Check Pods Manifest.lock";
			outputFileListPaths = (
			);
			outputPaths = (
				"$(DERIVED_FILE_DIR)/Pods-SnowCountry-checkManifestLockResult.txt",
			);
			runOnlyForDeploymentPostprocessing = 0;
			shellPath = /bin/sh;
			shellScript = "diff \"${PODS_PODFILE_DIR_PATH}/Podfile.lock\" \"${PODS_ROOT}/Manifest.lock\" > /dev/null\nif [ $? != 0 ] ; then\n    # print error to STDERR\n    echo \"error: The sandbox is not in sync with the Podfile.lock. Run 'pod install' or update your CocoaPods installation.\" >&2\n    exit 1\nfi\n# This output is used by Xcode 'outputs' to avoid re-running this script phase.\necho \"SUCCESS\" > \"${SCRIPT_OUTPUT_FILE_0}\"\n";
			showEnvVarsInLog = 0;
		};
		EC562A9241CD1DDBDF30F012 /* [CP] Embed Pods Frameworks */ = {
			isa = PBXShellScriptBuildPhase;
			buildActionMask = 2147483647;
			files = (
			);
			inputFileListPaths = (
				"${PODS_ROOT}/Target Support Files/Pods-SnowCountry/Pods-SnowCountry-frameworks-${CONFIGURATION}-input-files.xcfilelist",
			);
			name = "[CP] Embed Pods Frameworks";
			outputFileListPaths = (
				"${PODS_ROOT}/Target Support Files/Pods-SnowCountry/Pods-SnowCountry-frameworks-${CONFIGURATION}-output-files.xcfilelist",
			);
			runOnlyForDeploymentPostprocessing = 0;
			shellPath = /bin/sh;
			shellScript = "\"${PODS_ROOT}/Target Support Files/Pods-SnowCountry/Pods-SnowCountry-frameworks.sh\"\n";
			showEnvVarsInLog = 0;
		};
/* End PBXShellScriptBuildPhase section */

/* Begin PBXSourcesBuildPhase section */
		35710ED62AFEB6B4005164D6 /* Sources */ = {
			isa = PBXSourcesBuildPhase;
			buildActionMask = 2147483647;
			files = (
				356E3FC42AFEC3A000826B05 /* SignupView.swift in Sources */,
				02470A2A2B522B1400A3AA35 /* LifetimeStats.swift in Sources */,
				024CFE172B118953005708F4 /* TrackLogic.swift in Sources */,
				35BE7F192AFFBECC00F1993D /* EditProfileView.swift in Sources */,
				35E1D5112AFF02B00077AE90 /* SocialView.swift in Sources */,
				02CC7B482B18E42D00B5E127 /* MapboxView.swift in Sources */,
				35BE7F1E2AFFD97600F1993D /* ImageUploader.swift in Sources */,
				35386A4F2B18FC2600CD8254 /* AddFriendViewModel.swift in Sources */,
				35E1D50F2AFF01C70077AE90 /* MainTabView.swift in Sources */,
				02CC7B4C2B18ED5300B5E127 /* RecordView.swift in Sources */,
				02A20B7A2B1AE81800DCD8F6 /* TrackPageView.swift in Sources */,
				02DE9F392B9986F700EEF94B /* TrackImageMapView.swift in Sources */,
				355A34B52B1E8E1F00F4DEBF /* PostService.swift in Sources */,
				0254592E2B23AF51008F955E /* MapBoxRouteView.swift in Sources */,
				35386A4D2B18FC1600CD8254 /* AddFriendView.swift in Sources */,
				355A34B12B1E59E000F4DEBF /* PostCell.swift in Sources */,
				35386A492B18F7E700CD8254 /* UploadPostView.swift in Sources */,
				356E3FC22AFEC38F00826B05 /* LoginView.swift in Sources */,
				02DDC4C92B7AB7D600B8895A /* UserSettings.swift in Sources */,
				35BE7F1B2AFFC64300F1993D /* EditProfileViewModel.swift in Sources */,
				35386A522B19069900CD8254 /* UserService.swift in Sources */,
				35386A4B2B18F7F200CD8254 /* UploadPostViewModel.swift in Sources */,
				024CFE1B2B118992005708F4 /* TrackView.swift in Sources */,
				356E3FD42AFED74800826B05 /* ContentView.swift in Sources */,
				02DDC4CC2B7AB81700B8895A /* Profile Structs & Functions.swift in Sources */,
				02018D902B1D63B2006D820B /* UtilityFunctions.swift in Sources */,
				0254592D2B23AF4E008F955E /* MapBoxRouteLogic.swift in Sources */,
				026F9C8E2B5DE4400046A865 /* FriendRequestsView.swift in Sources */,
				35E1D51C2AFF16670077AE90 /* User.swift in Sources */,
				35E1D50A2AFEF56C0077AE90 /* SignupViewModel.swift in Sources */,
				02DE9F352B99720400EEF94B /* TrackToImageView.swift in Sources */,
				0254592F2B23AF55008F955E /* RouteDetailsView.swift in Sources */,
				027896752B895A040047BA24 /* ProfileViewModel.swift in Sources */,
				02253E482B4F5F0100639F1E /* ProfileStatisticsView.swift in Sources */,
				35E1D5212AFF1B480077AE90 /* Color.swift in Sources */,
				35BE7F202AFFE2C000F1993D /* ProfileImage.swift in Sources */,
				028F12512B5DDA1800F8EE77 /* FriendsListView.swift in Sources */,
				02A20B7C2B1C213700DCD8F6 /* StatView.swift in Sources */,
				02CC7B462B18D14800B5E127 /* FileToTrack.swift in Sources */,
				35386A542B19138D00CD8254 /* FriendProfileView.swift in Sources */,
				356E3FCD2AFECF2800826B05 /* AuthService.swift in Sources */,
				02AC56002B477E2000B8B424 /* WeatherLayers.swift in Sources */,
				35E1D5192AFF10F80077AE90 /* LoginViewModel.swift in Sources */,
				35710EDE2AFEB6B4005164D6 /* SnowCountryApp.swift in Sources */,
				02CC7B4A2B18E45C00B5E127 /* SessionsView.swift in Sources */,
				0204051E2B4A56330082207C /* GPXParser.swift in Sources */,
				35E1D5132AFF02BD0077AE90 /* ProfileView.swift in Sources */,
				02CC7B442B18C9CB00B5E127 /* TrackHistoryView.swift in Sources */,
				02792C782C43B52200E13E24 /* AuthView.swift in Sources */,
				355A34B32B1E871F00F4DEBF /* SocialViewModel.swift in Sources */,
				35E1D5272AFF1EF70077AE90 /* Post.swift in Sources */,
				02DDC4C72B7A9FC100B8895A /* UnitConverter.swift in Sources */,
				0262E7912B236391008E123E /* UserLocationProvider.swift in Sources */,
				02DE9F372B99721400EEF94B /* TrackToImageViewModel.swift in Sources */,
				350DA5FE2B19423D0040C8B6 /* FriendProfileViewModel.swift in Sources */,
				020404F52B4A41170082207C /* GPXStatsLogic.swift in Sources */,
				024CFE192B118977005708F4 /* TrackToFile.swift in Sources */,
				356E3FD22AFED27000826B05 /* ContentViewModel.swift in Sources */,
			);
			runOnlyForDeploymentPostprocessing = 0;
		};
/* End PBXSourcesBuildPhase section */

/* Begin PBXVariantGroup section */
		020405002B4A4AFE0082207C /* MainInterface.storyboard */ = {
			isa = PBXVariantGroup;
			children = (
				020405012B4A4AFE0082207C /* Base */,
			);
			name = MainInterface.storyboard;
			sourceTree = "<group>";
		};
		020405132B4A4B8C0082207C /* MainInterface.storyboard */ = {
			isa = PBXVariantGroup;
			children = (
				020405142B4A4B8C0082207C /* Base */,
			);
			name = MainInterface.storyboard;
			sourceTree = "<group>";
		};
/* End PBXVariantGroup section */

/* Begin XCBuildConfiguration section */
		35710EFC2AFEB6B5005164D6 /* Debug */ = {
			isa = XCBuildConfiguration;
			buildSettings = {
				ALWAYS_SEARCH_USER_PATHS = NO;
				CLANG_ANALYZER_NONNULL = YES;
				CLANG_ANALYZER_NUMBER_OBJECT_CONVERSION = YES_AGGRESSIVE;
				CLANG_CXX_LANGUAGE_STANDARD = "gnu++20";
				CLANG_ENABLE_MODULES = YES;
				CLANG_ENABLE_OBJC_ARC = YES;
				CLANG_ENABLE_OBJC_WEAK = YES;
				CLANG_WARN_BLOCK_CAPTURE_AUTORELEASING = YES;
				CLANG_WARN_BOOL_CONVERSION = YES;
				CLANG_WARN_COMMA = YES;
				CLANG_WARN_CONSTANT_CONVERSION = YES;
				CLANG_WARN_DEPRECATED_OBJC_IMPLEMENTATIONS = YES;
				CLANG_WARN_DIRECT_OBJC_ISA_USAGE = YES_ERROR;
				CLANG_WARN_DOCUMENTATION_COMMENTS = YES;
				CLANG_WARN_EMPTY_BODY = YES;
				CLANG_WARN_ENUM_CONVERSION = YES;
				CLANG_WARN_INFINITE_RECURSION = YES;
				CLANG_WARN_INT_CONVERSION = YES;
				CLANG_WARN_NON_LITERAL_NULL_CONVERSION = YES;
				CLANG_WARN_OBJC_IMPLICIT_RETAIN_SELF = YES;
				CLANG_WARN_OBJC_LITERAL_CONVERSION = YES;
				CLANG_WARN_OBJC_ROOT_CLASS = YES_ERROR;
				CLANG_WARN_QUOTED_INCLUDE_IN_FRAMEWORK_HEADER = YES;
				CLANG_WARN_RANGE_LOOP_ANALYSIS = YES;
				CLANG_WARN_STRICT_PROTOTYPES = YES;
				CLANG_WARN_SUSPICIOUS_MOVE = YES;
				CLANG_WARN_UNGUARDED_AVAILABILITY = YES_AGGRESSIVE;
				CLANG_WARN_UNREACHABLE_CODE = YES;
				CLANG_WARN__DUPLICATE_METHOD_MATCH = YES;
				COPY_PHASE_STRIP = NO;
				DEBUG_INFORMATION_FORMAT = dwarf;
				ENABLE_STRICT_OBJC_MSGSEND = YES;
				ENABLE_TESTABILITY = YES;
				GCC_C_LANGUAGE_STANDARD = gnu11;
				GCC_DYNAMIC_NO_PIC = NO;
				GCC_NO_COMMON_BLOCKS = YES;
				GCC_OPTIMIZATION_LEVEL = 0;
				GCC_PREPROCESSOR_DEFINITIONS = (
					"DEBUG=1",
					"$(inherited)",
				);
				GCC_WARN_64_TO_32_BIT_CONVERSION = YES;
				GCC_WARN_ABOUT_RETURN_TYPE = YES_ERROR;
				GCC_WARN_UNDECLARED_SELECTOR = YES;
				GCC_WARN_UNINITIALIZED_AUTOS = YES_AGGRESSIVE;
				GCC_WARN_UNUSED_FUNCTION = YES;
				GCC_WARN_UNUSED_VARIABLE = YES;
				IPHONEOS_DEPLOYMENT_TARGET = 16.4;
				MTL_ENABLE_DEBUG_INFO = INCLUDE_SOURCE;
				MTL_FAST_MATH = YES;
				ONLY_ACTIVE_ARCH = YES;
				SDKROOT = iphoneos;
				SWIFT_ACTIVE_COMPILATION_CONDITIONS = DEBUG;
				SWIFT_OPTIMIZATION_LEVEL = "-Onone";
			};
			name = Debug;
		};
		35710EFD2AFEB6B5005164D6 /* Release */ = {
			isa = XCBuildConfiguration;
			buildSettings = {
				ALWAYS_SEARCH_USER_PATHS = NO;
				CLANG_ANALYZER_NONNULL = YES;
				CLANG_ANALYZER_NUMBER_OBJECT_CONVERSION = YES_AGGRESSIVE;
				CLANG_CXX_LANGUAGE_STANDARD = "gnu++20";
				CLANG_ENABLE_MODULES = YES;
				CLANG_ENABLE_OBJC_ARC = YES;
				CLANG_ENABLE_OBJC_WEAK = YES;
				CLANG_WARN_BLOCK_CAPTURE_AUTORELEASING = YES;
				CLANG_WARN_BOOL_CONVERSION = YES;
				CLANG_WARN_COMMA = YES;
				CLANG_WARN_CONSTANT_CONVERSION = YES;
				CLANG_WARN_DEPRECATED_OBJC_IMPLEMENTATIONS = YES;
				CLANG_WARN_DIRECT_OBJC_ISA_USAGE = YES_ERROR;
				CLANG_WARN_DOCUMENTATION_COMMENTS = YES;
				CLANG_WARN_EMPTY_BODY = YES;
				CLANG_WARN_ENUM_CONVERSION = YES;
				CLANG_WARN_INFINITE_RECURSION = YES;
				CLANG_WARN_INT_CONVERSION = YES;
				CLANG_WARN_NON_LITERAL_NULL_CONVERSION = YES;
				CLANG_WARN_OBJC_IMPLICIT_RETAIN_SELF = YES;
				CLANG_WARN_OBJC_LITERAL_CONVERSION = YES;
				CLANG_WARN_OBJC_ROOT_CLASS = YES_ERROR;
				CLANG_WARN_QUOTED_INCLUDE_IN_FRAMEWORK_HEADER = YES;
				CLANG_WARN_RANGE_LOOP_ANALYSIS = YES;
				CLANG_WARN_STRICT_PROTOTYPES = YES;
				CLANG_WARN_SUSPICIOUS_MOVE = YES;
				CLANG_WARN_UNGUARDED_AVAILABILITY = YES_AGGRESSIVE;
				CLANG_WARN_UNREACHABLE_CODE = YES;
				CLANG_WARN__DUPLICATE_METHOD_MATCH = YES;
				COPY_PHASE_STRIP = NO;
				DEBUG_INFORMATION_FORMAT = "dwarf-with-dsym";
				ENABLE_NS_ASSERTIONS = NO;
				ENABLE_STRICT_OBJC_MSGSEND = YES;
				GCC_C_LANGUAGE_STANDARD = gnu11;
				GCC_NO_COMMON_BLOCKS = YES;
				GCC_WARN_64_TO_32_BIT_CONVERSION = YES;
				GCC_WARN_ABOUT_RETURN_TYPE = YES_ERROR;
				GCC_WARN_UNDECLARED_SELECTOR = YES;
				GCC_WARN_UNINITIALIZED_AUTOS = YES_AGGRESSIVE;
				GCC_WARN_UNUSED_FUNCTION = YES;
				GCC_WARN_UNUSED_VARIABLE = YES;
				IPHONEOS_DEPLOYMENT_TARGET = 16.4;
				MTL_ENABLE_DEBUG_INFO = NO;
				MTL_FAST_MATH = YES;
				SDKROOT = iphoneos;
				SWIFT_COMPILATION_MODE = wholemodule;
				SWIFT_OPTIMIZATION_LEVEL = "-O";
				VALIDATE_PRODUCT = YES;
			};
			name = Release;
		};
		35710EFF2AFEB6B5005164D6 /* Debug */ = {
			isa = XCBuildConfiguration;
			baseConfigurationReference = 5AB2A692C9349C2AC9D103F8 /* Pods-SnowCountry.debug.xcconfig */;
			buildSettings = {
				ALWAYS_EMBED_SWIFT_STANDARD_LIBRARIES = YES;
				ASSETCATALOG_COMPILER_APPICON_NAME = AppIcon;
				ASSETCATALOG_COMPILER_GLOBAL_ACCENT_COLOR_NAME = AccentColor;
				CODE_SIGN_ENTITLEMENTS = SnowCountry/SnowCountry.entitlements;
				CODE_SIGN_STYLE = Automatic;
				CURRENT_PROJECT_VERSION = 1;
				DEVELOPMENT_ASSET_PATHS = "\"SnowCountry/Preview Content\"";
				DEVELOPMENT_TEAM = WH5Q73VTN7;
				ENABLE_PREVIEWS = YES;
				GENERATE_INFOPLIST_FILE = YES;
				INFOPLIST_FILE = SnowCountry/Info.plist;
				INFOPLIST_KEY_CFBundleDisplayName = Untracked;
				INFOPLIST_KEY_LSApplicationCategoryType = "public.app-category.healthcare-fitness";
				INFOPLIST_KEY_LSSupportsOpeningDocumentsInPlace = YES;
				INFOPLIST_KEY_NSCameraUsageDescription = "SnowCountry would like to access your camera";
				INFOPLIST_KEY_NSLocationAlwaysAndWhenInUseUsageDescription = "SnowCountry would like to access your location.";
				INFOPLIST_KEY_NSLocationWhenInUseUsageDescription = "SnowCountry would like to access you location while using the app.";
				INFOPLIST_KEY_NSPhotoLibraryUsageDescription = "SnowCountry would like access to your camera roll";
				INFOPLIST_KEY_UIApplicationSceneManifest_Generation = YES;
				INFOPLIST_KEY_UIApplicationSupportsIndirectInputEvents = YES;
				INFOPLIST_KEY_UILaunchScreen_Generation = YES;
				INFOPLIST_KEY_UIStatusBarStyle = "";
				INFOPLIST_KEY_UISupportedInterfaceOrientations = UIInterfaceOrientationPortrait;
				INFOPLIST_KEY_UISupportedInterfaceOrientations_iPad = UIInterfaceOrientationPortrait;
				INFOPLIST_KEY_UISupportsDocumentBrowser = YES;
				IPHONEOS_DEPLOYMENT_TARGET = 16.4;
				LD_RUNPATH_SEARCH_PATHS = (
					"$(inherited)",
					"@executable_path/Frameworks",
				);
				MARKETING_VERSION = 1.1;
				PRODUCT_BUNDLE_IDENTIFIER = com.RyanPotter.SnowCountry;
				PRODUCT_NAME = "$(TARGET_NAME)";
				SUPPORTED_PLATFORMS = "iphoneos iphonesimulator";
				SUPPORTS_MACCATALYST = NO;
				SUPPORTS_MAC_DESIGNED_FOR_IPHONE_IPAD = NO;
				SWIFT_EMIT_LOC_STRINGS = YES;
				SWIFT_VERSION = 5.0;
				TARGETED_DEVICE_FAMILY = 1;
			};
			name = Debug;
		};
		35710F002AFEB6B5005164D6 /* Release */ = {
			isa = XCBuildConfiguration;
			baseConfigurationReference = D01DA8750246CAB4337F9679 /* Pods-SnowCountry.release.xcconfig */;
			buildSettings = {
				ALWAYS_EMBED_SWIFT_STANDARD_LIBRARIES = YES;
				ASSETCATALOG_COMPILER_APPICON_NAME = AppIcon;
				ASSETCATALOG_COMPILER_GLOBAL_ACCENT_COLOR_NAME = AccentColor;
				CODE_SIGN_ENTITLEMENTS = SnowCountry/SnowCountry.entitlements;
				CODE_SIGN_STYLE = Automatic;
				CURRENT_PROJECT_VERSION = 1;
				DEVELOPMENT_ASSET_PATHS = "\"SnowCountry/Preview Content\"";
				DEVELOPMENT_TEAM = WH5Q73VTN7;
				ENABLE_PREVIEWS = YES;
				GENERATE_INFOPLIST_FILE = YES;
				INFOPLIST_FILE = SnowCountry/Info.plist;
				INFOPLIST_KEY_CFBundleDisplayName = Untracked;
				INFOPLIST_KEY_LSApplicationCategoryType = "public.app-category.healthcare-fitness";
				INFOPLIST_KEY_LSSupportsOpeningDocumentsInPlace = YES;
				INFOPLIST_KEY_NSCameraUsageDescription = "SnowCountry would like to access your camera";
				INFOPLIST_KEY_NSLocationAlwaysAndWhenInUseUsageDescription = "SnowCountry would like to access your location.";
				INFOPLIST_KEY_NSLocationWhenInUseUsageDescription = "SnowCountry would like to access you location while using the app.";
				INFOPLIST_KEY_NSPhotoLibraryUsageDescription = "SnowCountry would like access to your camera roll";
				INFOPLIST_KEY_UIApplicationSceneManifest_Generation = YES;
				INFOPLIST_KEY_UIApplicationSupportsIndirectInputEvents = YES;
				INFOPLIST_KEY_UILaunchScreen_Generation = YES;
				INFOPLIST_KEY_UIStatusBarStyle = "";
				INFOPLIST_KEY_UISupportedInterfaceOrientations = UIInterfaceOrientationPortrait;
				INFOPLIST_KEY_UISupportedInterfaceOrientations_iPad = UIInterfaceOrientationPortrait;
				INFOPLIST_KEY_UISupportsDocumentBrowser = YES;
				IPHONEOS_DEPLOYMENT_TARGET = 16.4;
				LD_RUNPATH_SEARCH_PATHS = (
					"$(inherited)",
					"@executable_path/Frameworks",
				);
				MARKETING_VERSION = 1.1;
				PRODUCT_BUNDLE_IDENTIFIER = com.RyanPotter.SnowCountry;
				PRODUCT_NAME = "$(TARGET_NAME)";
				SUPPORTED_PLATFORMS = "iphoneos iphonesimulator";
				SUPPORTS_MACCATALYST = NO;
				SUPPORTS_MAC_DESIGNED_FOR_IPHONE_IPAD = NO;
				SWIFT_EMIT_LOC_STRINGS = YES;
				SWIFT_VERSION = 5.0;
				TARGETED_DEVICE_FAMILY = 1;
			};
			name = Release;
		};
/* End XCBuildConfiguration section */

/* Begin XCConfigurationList section */
		35710ED52AFEB6B4005164D6 /* Build configuration list for PBXProject "SnowCountry" */ = {
			isa = XCConfigurationList;
			buildConfigurations = (
				35710EFC2AFEB6B5005164D6 /* Debug */,
				35710EFD2AFEB6B5005164D6 /* Release */,
			);
			defaultConfigurationIsVisible = 0;
			defaultConfigurationName = Release;
		};
		35710EFE2AFEB6B5005164D6 /* Build configuration list for PBXNativeTarget "SnowCountry" */ = {
			isa = XCConfigurationList;
			buildConfigurations = (
				35710EFF2AFEB6B5005164D6 /* Debug */,
				35710F002AFEB6B5005164D6 /* Release */,
			);
			defaultConfigurationIsVisible = 0;
			defaultConfigurationName = Release;
		};
/* End XCConfigurationList section */
	};
	rootObject = 35710ED22AFEB6B4005164D6 /* Project object */;
}
